
Microsoft Visual Studio Solution File, Format Version 11.00
# Visual Studio 2010
Project("{FAE04EC0-301F-11D3-BF4B-00C04F79EFBC}") = "Assembly-CSharp", "Assembly-CSharp.csproj", "{0ad6c06a-8cd4-1204-baa1-6b3da185f603}"
EndProject
Project("{FAE04EC0-301F-11D3-BF4B-00C04F79EFBC}") = "ClientNetworkTransform", "ClientNetworkTransform.csproj", "{8c0d1766-d2e1-2a36-8058-21195dcf76a2}"
EndProject
Project("{FAE04EC0-301F-11D3-BF4B-00C04F79EFBC}") = "SimpleRelay", "SimpleRelay.csproj", "{f0c3f730-9a5f-e81b-084b-748ab0fded0d}"
EndProject
Global
	GlobalSection(SolutionConfigurationPlatforms) = preSolution
		Debug|Any CPU = Debug|Any CPU
	EndGlobalSection
	GlobalSection(ProjectConfigurationPlatforms) = postSolution
		{0ad6c06a-8cd4-1204-baa1-6b3da185f603}.Debug|Any CPU.ActiveCfg = Debug|Any CPU
		{0ad6c06a-8cd4-1204-baa1-6b3da185f603}.Debug|Any CPU.Build.0 = Debug|Any CPU
		{8c0d1766-d2e1-2a36-8058-21195dcf76a2}.Debug|Any CPU.ActiveCfg = Debug|Any CPU
		{8c0d1766-d2e1-2a36-8058-21195dcf76a2}.Debug|Any CPU.Build.0 = Debug|Any CPU
		{f0c3f730-9a5f-e81b-084b-748ab0fded0d}.Debug|Any CPU.ActiveCfg = Debug|Any CPU
		{f0c3f730-9a5f-e81b-084b-748ab0fded0d}.Debug|Any CPU.Build.0 = Debug|Any CPU
	EndGlobalSection
	GlobalSection(SolutionProperties) = preSolution
		HideSolutionNode = FALSE
	EndGlobalSection
EndGlobal
