
Microsoft Visual Studio Solution File, Format Version 11.00
# Visual Studio 2010
Project("{FAE04EC0-301F-11D3-BF4B-00C04F79EFBC}") = "oren_Networking", "oren_Networking.csproj", "{ffb4afa9-a35e-7b85-00b2-e1ce7d68a0f3}"
EndProject
Project("{FAE04EC0-301F-11D3-BF4B-00C04F79EFBC}") = "oren_Adventure", "oren_Adventure.csproj", "{35057dde-56ab-70b1-f41a-253ee9ca0328}"
EndProject
Project("{FAE04EC0-301F-11D3-BF4B-00C04F79EFBC}") = "Assembly-CSharp", "Assembly-CSharp.csproj", "{0ad6c06a-8cd4-1204-baa1-6b3da185f603}"
EndProject
Project("{FAE04EC0-301F-11D3-BF4B-00C04F79EFBC}") = "ClientNetworkTransform", "ClientNetworkTransform.csproj", "{8c0d1766-d2e1-2a36-8058-21195dcf76a2}"
EndProject
Project("{FAE04EC0-301F-11D3-BF4B-00C04F79EFBC}") = "inputAction", "inputAction.csproj", "{4a49d3a4-045f-e7de-b115-ce56d7d1fa75}"
EndProject
Project("{FAE04EC0-301F-11D3-BF4B-00C04F79EFBC}") = "PlayTest", "PlayTest.csproj", "{41f015a2-48b3-9c86-acb5-091ce6cee270}"
EndProject
Project("{FAE04EC0-301F-11D3-BF4B-00C04F79EFBC}") = "SimpleRelay", "SimpleRelay.csproj", "{f0c3f730-9a5f-e81b-084b-748ab0fded0d}"
EndProject
Project("{FAE04EC0-301F-11D3-BF4B-00C04F79EFBC}") = "Tests", "Tests.csproj", "{0ac7162a-f68a-acf1-3e4e-108b3700e4ac}"
EndProject
Global
	GlobalSection(SolutionConfigurationPlatforms) = preSolution
		Debug|Any CPU = Debug|Any CPU
	EndGlobalSection
	GlobalSection(ProjectConfigurationPlatforms) = postSolution
		{ffb4afa9-a35e-7b85-00b2-e1ce7d68a0f3}.Debug|Any CPU.ActiveCfg = Debug|Any CPU
		{ffb4afa9-a35e-7b85-00b2-e1ce7d68a0f3}.Debug|Any CPU.Build.0 = Debug|Any CPU
		{35057dde-56ab-70b1-f41a-253ee9ca0328}.Debug|Any CPU.ActiveCfg = Debug|Any CPU
		{35057dde-56ab-70b1-f41a-253ee9ca0328}.Debug|Any CPU.Build.0 = Debug|Any CPU
		{0ad6c06a-8cd4-1204-baa1-6b3da185f603}.Debug|Any CPU.ActiveCfg = Debug|Any CPU
		{0ad6c06a-8cd4-1204-baa1-6b3da185f603}.Debug|Any CPU.Build.0 = Debug|Any CPU
		{8c0d1766-d2e1-2a36-8058-21195dcf76a2}.Debug|Any CPU.ActiveCfg = Debug|Any CPU
		{8c0d1766-d2e1-2a36-8058-21195dcf76a2}.Debug|Any CPU.Build.0 = Debug|Any CPU
		{4a49d3a4-045f-e7de-b115-ce56d7d1fa75}.Debug|Any CPU.ActiveCfg = Debug|Any CPU
		{4a49d3a4-045f-e7de-b115-ce56d7d1fa75}.Debug|Any CPU.Build.0 = Debug|Any CPU
		{41f015a2-48b3-9c86-acb5-091ce6cee270}.Debug|Any CPU.ActiveCfg = Debug|Any CPU
		{41f015a2-48b3-9c86-acb5-091ce6cee270}.Debug|Any CPU.Build.0 = Debug|Any CPU
		{f0c3f730-9a5f-e81b-084b-748ab0fded0d}.Debug|Any CPU.ActiveCfg = Debug|Any CPU
		{f0c3f730-9a5f-e81b-084b-748ab0fded0d}.Debug|Any CPU.Build.0 = Debug|Any CPU
		{0ac7162a-f68a-acf1-3e4e-108b3700e4ac}.Debug|Any CPU.ActiveCfg = Debug|Any CPU
		{0ac7162a-f68a-acf1-3e4e-108b3700e4ac}.Debug|Any CPU.Build.0 = Debug|Any CPU
	EndGlobalSection
	GlobalSection(SolutionProperties) = preSolution
		HideSolutionNode = FALSE
	EndGlobalSection
EndGlobal
