
Microsoft Visual Studio Solution File, Format Version 11.00
# Visual Studio 2010
Project("{FAE04EC0-301F-11D3-BF4B-00C04F79EFBC}") = "SimpleInput.Runtime", "SimpleInput.Runtime.csproj", "{23c29adf-254a-e887-477e-a4fbe273b3a6}"
EndProject
Project("{FAE04EC0-301F-11D3-BF4B-00C04F79EFBC}") = "oren_Adventure", "oren_Adventure.csproj", "{e37175d8-3afd-2ba4-2fa6-05628a5a49a5}"
EndProject
Project("{FAE04EC0-301F-11D3-BF4B-00C04F79EFBC}") = "Shared", "Shared.csproj", "{6a67f348-3806-8013-21a7-1ae803ef58b9}"
EndProject
Project("{FAE04EC0-301F-11D3-BF4B-00C04F79EFBC}") = "Assembly-CSharp", "Assembly-CSharp.csproj", "{590bca0a-6104-406d-9243-35c0fd3e48de}"
EndProject
Project("{FAE04EC0-301F-11D3-BF4B-00C04F79EFBC}") = "oren_Networking", "oren_Networking.csproj", "{8e223f9c-f06a-a6ab-c627-a330ad6536aa}"
EndProject
Project("{FAE04EC0-301F-11D3-BF4B-00C04F79EFBC}") = "Tuoof.Core.Singletons", "Tuoof.Core.Singletons.csproj", "{13bd1ed4-926a-96f4-111c-f52256552173}"
EndProject
Project("{FAE04EC0-301F-11D3-BF4B-00C04F79EFBC}") = "PlayTest", "PlayTest.csproj", "{fe3d68af-8d48-d336-71bb-19254e11cc5a}"
EndProject
Project("{FAE04EC0-301F-11D3-BF4B-00C04F79EFBC}") = "inputAction", "inputAction.csproj", "{fb58cb93-f304-c8c4-75a3-b1ae1c366ff4}"
EndProject
Project("{FAE04EC0-301F-11D3-BF4B-00C04F79EFBC}") = "ClientNetworkTransform", "ClientNetworkTransform.csproj", "{f0e457a2-9609-0f29-96f6-12041075854d}"
EndProject
Project("{FAE04EC0-301F-11D3-BF4B-00C04F79EFBC}") = "SimpleRelay", "SimpleRelay.csproj", "{e50adda5-2040-da41-5608-4489361a3cb7}"
EndProject
Project("{FAE04EC0-301F-11D3-BF4B-00C04F79EFBC}") = "SimpleInput.Editor", "SimpleInput.Editor.csproj", "{e546b098-0ad2-56d0-e485-de8580ac7c7f}"
EndProject
Project("{FAE04EC0-301F-11D3-BF4B-00C04F79EFBC}") = "Tests", "Tests.csproj", "{e6fec720-91e7-e800-b1d7-5637fcd6e3ee}"
EndProject
Global
	GlobalSection(SolutionConfigurationPlatforms) = preSolution
		Debug|Any CPU = Debug|Any CPU
	EndGlobalSection
	GlobalSection(ProjectConfigurationPlatforms) = postSolution
		{23c29adf-254a-e887-477e-a4fbe273b3a6}.Debug|Any CPU.ActiveCfg = Debug|Any CPU
		{23c29adf-254a-e887-477e-a4fbe273b3a6}.Debug|Any CPU.Build.0 = Debug|Any CPU
		{e37175d8-3afd-2ba4-2fa6-05628a5a49a5}.Debug|Any CPU.ActiveCfg = Debug|Any CPU
		{e37175d8-3afd-2ba4-2fa6-05628a5a49a5}.Debug|Any CPU.Build.0 = Debug|Any CPU
		{6a67f348-3806-8013-21a7-1ae803ef58b9}.Debug|Any CPU.ActiveCfg = Debug|Any CPU
		{6a67f348-3806-8013-21a7-1ae803ef58b9}.Debug|Any CPU.Build.0 = Debug|Any CPU
		{590bca0a-6104-406d-9243-35c0fd3e48de}.Debug|Any CPU.ActiveCfg = Debug|Any CPU
		{590bca0a-6104-406d-9243-35c0fd3e48de}.Debug|Any CPU.Build.0 = Debug|Any CPU
		{8e223f9c-f06a-a6ab-c627-a330ad6536aa}.Debug|Any CPU.ActiveCfg = Debug|Any CPU
		{8e223f9c-f06a-a6ab-c627-a330ad6536aa}.Debug|Any CPU.Build.0 = Debug|Any CPU
		{13bd1ed4-926a-96f4-111c-f52256552173}.Debug|Any CPU.ActiveCfg = Debug|Any CPU
		{13bd1ed4-926a-96f4-111c-f52256552173}.Debug|Any CPU.Build.0 = Debug|Any CPU
		{fe3d68af-8d48-d336-71bb-19254e11cc5a}.Debug|Any CPU.ActiveCfg = Debug|Any CPU
		{fe3d68af-8d48-d336-71bb-19254e11cc5a}.Debug|Any CPU.Build.0 = Debug|Any CPU
		{fb58cb93-f304-c8c4-75a3-b1ae1c366ff4}.Debug|Any CPU.ActiveCfg = Debug|Any CPU
		{fb58cb93-f304-c8c4-75a3-b1ae1c366ff4}.Debug|Any CPU.Build.0 = Debug|Any CPU
		{f0e457a2-9609-0f29-96f6-12041075854d}.Debug|Any CPU.ActiveCfg = Debug|Any CPU
		{f0e457a2-9609-0f29-96f6-12041075854d}.Debug|Any CPU.Build.0 = Debug|Any CPU
		{e50adda5-2040-da41-5608-4489361a3cb7}.Debug|Any CPU.ActiveCfg = Debug|Any CPU
		{e50adda5-2040-da41-5608-4489361a3cb7}.Debug|Any CPU.Build.0 = Debug|Any CPU
		{e546b098-0ad2-56d0-e485-de8580ac7c7f}.Debug|Any CPU.ActiveCfg = Debug|Any CPU
		{e546b098-0ad2-56d0-e485-de8580ac7c7f}.Debug|Any CPU.Build.0 = Debug|Any CPU
		{e6fec720-91e7-e800-b1d7-5637fcd6e3ee}.Debug|Any CPU.ActiveCfg = Debug|Any CPU
		{e6fec720-91e7-e800-b1d7-5637fcd6e3ee}.Debug|Any CPU.Build.0 = Debug|Any CPU
	EndGlobalSection
	GlobalSection(SolutionProperties) = preSolution
		HideSolutionNode = FALSE
	EndGlobalSection
EndGlobal
